
Microsoft Visual Studio Solution File, Format Version 11.00
# Visual Studio 2010
Project("{FAE04EC0-301F-11D3-BF4B-00C04F79EFBC}") = "100 Best Effect Pack", "Assembly-CSharp.csproj", "{CDB77923-C6C6-9FF1-41C0-E63A9B930316}"
EndProject
Global
	GlobalSection(SolutionConfigurationPlatforms) = preSolution
		Debug|Any CPU = Debug|Any CPU
		Release|Any CPU = Release|Any CPU
	EndGlobalSection
	GlobalSection(ProjectConfigurationPlatforms) = postSolution
		{CDB77923-C6C6-9FF1-41C0-E63A9B930316}.Debug|Any CPU.ActiveCfg = Debug|Any CPU
		{CDB77923-C6C6-9FF1-41C0-E63A9B930316}.Debug|Any CPU.Build.0 = Debug|Any CPU
		{CDB77923-C6C6-9FF1-41C0-E63A9B930316}.Release|Any CPU.ActiveCfg = Release|Any CPU
		{CDB77923-C6C6-9FF1-41C0-E63A9B930316}.Release|Any CPU.Build.0 = Release|Any CPU
	EndGlobalSection
	GlobalSection(SolutionProperties) = preSolution
		HideSolutionNode = FALSE
	EndGlobalSection
	GlobalSection(MonoDevelopProperties) = preSolution
		StartupItem = Assembly-CSharp.csproj
	EndGlobalSection
EndGlobal
